
Microsoft Visual Studio Solution File, Format Version 12.00
# Visual Studio Version 16
VisualStudioVersion = 16.0.30413.136
MinimumVisualStudioVersion = 10.0.40219.1
Project("{8BC9CEB8-8B4A-11D0-8D11-00A0C91BC942}") = "Payment", "Payment\Payment.vcxproj", "{EF2DA8FE-E02A-4AA9-8427-7AAC4DF2552F}"
EndProject
Project("{8BC9CEB8-8B4A-11D0-8D11-00A0C91BC942}") = "RendomGuess", "RendomGuess\RendomGuess.vcxproj", "{C13DF3BA-9102-41EA-A44E-A6289A114841}"
EndProject
Project("{8BC9CEB8-8B4A-11D0-8D11-00A0C91BC942}") = "PrimeNumber", "PrimeNumber\PrimeNumber.vcxproj", "{321E85CC-09DA-40D5-A8B2-ECC7B3AC1349}"
EndProject
Project("{8BC9CEB8-8B4A-11D0-8D11-00A0C91BC942}") = "YearlyRainfall", "YearlyRainfall\YearlyRainfall.vcxproj", "{51B1A151-C0E4-4E87-B6FF-BE5112E7353A}"
EndProject
Project("{8BC9CEB8-8B4A-11D0-8D11-00A0C91BC942}") = "Functions1", "Functions1\Functions1.vcxproj", "{79B2EA5D-8F41-4983-B6D6-D362731A3B5F}"
EndProject
Project("{8BC9CEB8-8B4A-11D0-8D11-00A0C91BC942}") = "TicTacToe", "TicTacToe\TicTacToe.vcxproj", "{BEE3F570-1EC2-40D9-910C-988250C2432B}"
EndProject
Project("{8BC9CEB8-8B4A-11D0-8D11-00A0C91BC942}") = "BasicString", "BasicString\BasicString.vcxproj", "{E53CA01C-850B-4F08-B80D-1CB2E7745C1B}"
EndProject
Project("{8BC9CEB8-8B4A-11D0-8D11-00A0C91BC942}") = "String2", "String2\String2.vcxproj", "{07BC4BEC-6A80-4F1F-AA08-7031CD67055E}"
EndProject
Project("{8BC9CEB8-8B4A-11D0-8D11-00A0C91BC942}") = "StrBubble", "StrBubble\StrBubble.vcxproj", "{1D6480CD-B61F-49EB-B016-753ECF94A70B}"
EndProject
Project("{8BC9CEB8-8B4A-11D0-8D11-00A0C91BC942}") = "PointerBasics", "PointerBasics\PointerBasics.vcxproj", "{5E4AB06F-03E7-405E-817F-DDFBE0821FEE}"
EndProject
Project("{8BC9CEB8-8B4A-11D0-8D11-00A0C91BC942}") = "PointerArithmetics", "PointerArithmetics\PointerArithmetics.vcxproj", "{AF0E4332-A34F-46DC-AB3D-CA69641163D2}"
EndProject
Project("{8BC9CEB8-8B4A-11D0-8D11-00A0C91BC942}") = "PointerPassByReference", "PointerPassByReference\PointerPassByReference.vcxproj", "{519CFB79-57A9-4EBA-A902-D385A2124212}"
EndProject
Project("{8BC9CEB8-8B4A-11D0-8D11-00A0C91BC942}") = "DynamicMemory", "DynamicMemory\DynamicMemory.vcxproj", "{32E7C7E5-DC20-41CD-8E35-DAE781CCE340}"
EndProject
Project("{8BC9CEB8-8B4A-11D0-8D11-00A0C91BC942}") = "Struct1", "Struct1\Struct1.vcxproj", "{AC6434B9-9674-4592-A6AB-593ED9E832C8}"
EndProject
Project("{8BC9CEB8-8B4A-11D0-8D11-00A0C91BC942}") = "Struct2", "Struct2\Struct2.vcxproj", "{607F5975-0939-40C8-B721-86E96B6B918A}"
EndProject
Project("{8BC9CEB8-8B4A-11D0-8D11-00A0C91BC942}") = "FileStream1", "FileStream1\FileStream1.vcxproj", "{2D31A94A-59FC-4342-A803-B712D8F2D18C}"
EndProject
Project("{8BC9CEB8-8B4A-11D0-8D11-00A0C91BC942}") = "FileStream2", "FileStream2\FileStream2.vcxproj", "{4F24A250-3537-452E-9F11-B9D42D661F3C}"
EndProject
Project("{8BC9CEB8-8B4A-11D0-8D11-00A0C91BC942}") = "FileStream3", "FileStream3\FileStream3.vcxproj", "{D5BF9BB5-C255-4E97-B426-416D6EA8C4C2}"
EndProject
Global
	GlobalSection(SolutionConfigurationPlatforms) = preSolution
		Debug|x64 = Debug|x64
		Debug|x86 = Debug|x86
		Release|x64 = Release|x64
		Release|x86 = Release|x86
	EndGlobalSection
	GlobalSection(ProjectConfigurationPlatforms) = postSolution
		{EF2DA8FE-E02A-4AA9-8427-7AAC4DF2552F}.Debug|x64.ActiveCfg = Debug|x64
		{EF2DA8FE-E02A-4AA9-8427-7AAC4DF2552F}.Debug|x64.Build.0 = Debug|x64
		{EF2DA8FE-E02A-4AA9-8427-7AAC4DF2552F}.Debug|x86.ActiveCfg = Debug|Win32
		{EF2DA8FE-E02A-4AA9-8427-7AAC4DF2552F}.Debug|x86.Build.0 = Debug|Win32
		{EF2DA8FE-E02A-4AA9-8427-7AAC4DF2552F}.Release|x64.ActiveCfg = Release|x64
		{EF2DA8FE-E02A-4AA9-8427-7AAC4DF2552F}.Release|x64.Build.0 = Release|x64
		{EF2DA8FE-E02A-4AA9-8427-7AAC4DF2552F}.Release|x86.ActiveCfg = Release|Win32
		{EF2DA8FE-E02A-4AA9-8427-7AAC4DF2552F}.Release|x86.Build.0 = Release|Win32
		{C13DF3BA-9102-41EA-A44E-A6289A114841}.Debug|x64.ActiveCfg = Debug|x64
		{C13DF3BA-9102-41EA-A44E-A6289A114841}.Debug|x64.Build.0 = Debug|x64
		{C13DF3BA-9102-41EA-A44E-A6289A114841}.Debug|x86.ActiveCfg = Debug|Win32
		{C13DF3BA-9102-41EA-A44E-A6289A114841}.Debug|x86.Build.0 = Debug|Win32
		{C13DF3BA-9102-41EA-A44E-A6289A114841}.Release|x64.ActiveCfg = Release|x64
		{C13DF3BA-9102-41EA-A44E-A6289A114841}.Release|x64.Build.0 = Release|x64
		{C13DF3BA-9102-41EA-A44E-A6289A114841}.Release|x86.ActiveCfg = Release|Win32
		{C13DF3BA-9102-41EA-A44E-A6289A114841}.Release|x86.Build.0 = Release|Win32
		{321E85CC-09DA-40D5-A8B2-ECC7B3AC1349}.Debug|x64.ActiveCfg = Debug|x64
		{321E85CC-09DA-40D5-A8B2-ECC7B3AC1349}.Debug|x64.Build.0 = Debug|x64
		{321E85CC-09DA-40D5-A8B2-ECC7B3AC1349}.Debug|x86.ActiveCfg = Debug|Win32
		{321E85CC-09DA-40D5-A8B2-ECC7B3AC1349}.Debug|x86.Build.0 = Debug|Win32
		{321E85CC-09DA-40D5-A8B2-ECC7B3AC1349}.Release|x64.ActiveCfg = Release|x64
		{321E85CC-09DA-40D5-A8B2-ECC7B3AC1349}.Release|x64.Build.0 = Release|x64
		{321E85CC-09DA-40D5-A8B2-ECC7B3AC1349}.Release|x86.ActiveCfg = Release|Win32
		{321E85CC-09DA-40D5-A8B2-ECC7B3AC1349}.Release|x86.Build.0 = Release|Win32
		{51B1A151-C0E4-4E87-B6FF-BE5112E7353A}.Debug|x64.ActiveCfg = Debug|x64
		{51B1A151-C0E4-4E87-B6FF-BE5112E7353A}.Debug|x64.Build.0 = Debug|x64
		{51B1A151-C0E4-4E87-B6FF-BE5112E7353A}.Debug|x86.ActiveCfg = Debug|Win32
		{51B1A151-C0E4-4E87-B6FF-BE5112E7353A}.Debug|x86.Build.0 = Debug|Win32
		{51B1A151-C0E4-4E87-B6FF-BE5112E7353A}.Release|x64.ActiveCfg = Release|x64
		{51B1A151-C0E4-4E87-B6FF-BE5112E7353A}.Release|x64.Build.0 = Release|x64
		{51B1A151-C0E4-4E87-B6FF-BE5112E7353A}.Release|x86.ActiveCfg = Release|Win32
		{51B1A151-C0E4-4E87-B6FF-BE5112E7353A}.Release|x86.Build.0 = Release|Win32
		{79B2EA5D-8F41-4983-B6D6-D362731A3B5F}.Debug|x64.ActiveCfg = Debug|x64
		{79B2EA5D-8F41-4983-B6D6-D362731A3B5F}.Debug|x64.Build.0 = Debug|x64
		{79B2EA5D-8F41-4983-B6D6-D362731A3B5F}.Debug|x86.ActiveCfg = Debug|Win32
		{79B2EA5D-8F41-4983-B6D6-D362731A3B5F}.Debug|x86.Build.0 = Debug|Win32
		{79B2EA5D-8F41-4983-B6D6-D362731A3B5F}.Release|x64.ActiveCfg = Release|x64
		{79B2EA5D-8F41-4983-B6D6-D362731A3B5F}.Release|x64.Build.0 = Release|x64
		{79B2EA5D-8F41-4983-B6D6-D362731A3B5F}.Release|x86.ActiveCfg = Release|Win32
		{79B2EA5D-8F41-4983-B6D6-D362731A3B5F}.Release|x86.Build.0 = Release|Win32
		{BEE3F570-1EC2-40D9-910C-988250C2432B}.Debug|x64.ActiveCfg = Debug|x64
		{BEE3F570-1EC2-40D9-910C-988250C2432B}.Debug|x64.Build.0 = Debug|x64
		{BEE3F570-1EC2-40D9-910C-988250C2432B}.Debug|x86.ActiveCfg = Debug|Win32
		{BEE3F570-1EC2-40D9-910C-988250C2432B}.Debug|x86.Build.0 = Debug|Win32
		{BEE3F570-1EC2-40D9-910C-988250C2432B}.Release|x64.ActiveCfg = Release|x64
		{BEE3F570-1EC2-40D9-910C-988250C2432B}.Release|x64.Build.0 = Release|x64
		{BEE3F570-1EC2-40D9-910C-988250C2432B}.Release|x86.ActiveCfg = Release|Win32
		{BEE3F570-1EC2-40D9-910C-988250C2432B}.Release|x86.Build.0 = Release|Win32
		{E53CA01C-850B-4F08-B80D-1CB2E7745C1B}.Debug|x64.ActiveCfg = Debug|x64
		{E53CA01C-850B-4F08-B80D-1CB2E7745C1B}.Debug|x64.Build.0 = Debug|x64
		{E53CA01C-850B-4F08-B80D-1CB2E7745C1B}.Debug|x86.ActiveCfg = Debug|Win32
		{E53CA01C-850B-4F08-B80D-1CB2E7745C1B}.Debug|x86.Build.0 = Debug|Win32
		{E53CA01C-850B-4F08-B80D-1CB2E7745C1B}.Release|x64.ActiveCfg = Release|x64
		{E53CA01C-850B-4F08-B80D-1CB2E7745C1B}.Release|x64.Build.0 = Release|x64
		{E53CA01C-850B-4F08-B80D-1CB2E7745C1B}.Release|x86.ActiveCfg = Release|Win32
		{E53CA01C-850B-4F08-B80D-1CB2E7745C1B}.Release|x86.Build.0 = Release|Win32
		{07BC4BEC-6A80-4F1F-AA08-7031CD67055E}.Debug|x64.ActiveCfg = Debug|x64
		{07BC4BEC-6A80-4F1F-AA08-7031CD67055E}.Debug|x64.Build.0 = Debug|x64
		{07BC4BEC-6A80-4F1F-AA08-7031CD67055E}.Debug|x86.ActiveCfg = Debug|Win32
		{07BC4BEC-6A80-4F1F-AA08-7031CD67055E}.Debug|x86.Build.0 = Debug|Win32
		{07BC4BEC-6A80-4F1F-AA08-7031CD67055E}.Release|x64.ActiveCfg = Release|x64
		{07BC4BEC-6A80-4F1F-AA08-7031CD67055E}.Release|x64.Build.0 = Release|x64
		{07BC4BEC-6A80-4F1F-AA08-7031CD67055E}.Release|x86.ActiveCfg = Release|Win32
		{07BC4BEC-6A80-4F1F-AA08-7031CD67055E}.Release|x86.Build.0 = Release|Win32
		{1D6480CD-B61F-49EB-B016-753ECF94A70B}.Debug|x64.ActiveCfg = Debug|x64
		{1D6480CD-B61F-49EB-B016-753ECF94A70B}.Debug|x64.Build.0 = Debug|x64
		{1D6480CD-B61F-49EB-B016-753ECF94A70B}.Debug|x86.ActiveCfg = Debug|Win32
		{1D6480CD-B61F-49EB-B016-753ECF94A70B}.Debug|x86.Build.0 = Debug|Win32
		{1D6480CD-B61F-49EB-B016-753ECF94A70B}.Release|x64.ActiveCfg = Release|x64
		{1D6480CD-B61F-49EB-B016-753ECF94A70B}.Release|x64.Build.0 = Release|x64
		{1D6480CD-B61F-49EB-B016-753ECF94A70B}.Release|x86.ActiveCfg = Release|Win32
		{1D6480CD-B61F-49EB-B016-753ECF94A70B}.Release|x86.Build.0 = Release|Win32
		{5E4AB06F-03E7-405E-817F-DDFBE0821FEE}.Debug|x64.ActiveCfg = Debug|x64
		{5E4AB06F-03E7-405E-817F-DDFBE0821FEE}.Debug|x64.Build.0 = Debug|x64
		{5E4AB06F-03E7-405E-817F-DDFBE0821FEE}.Debug|x86.ActiveCfg = Debug|Win32
		{5E4AB06F-03E7-405E-817F-DDFBE0821FEE}.Debug|x86.Build.0 = Debug|Win32
		{5E4AB06F-03E7-405E-817F-DDFBE0821FEE}.Release|x64.ActiveCfg = Release|x64
		{5E4AB06F-03E7-405E-817F-DDFBE0821FEE}.Release|x64.Build.0 = Release|x64
		{5E4AB06F-03E7-405E-817F-DDFBE0821FEE}.Release|x86.ActiveCfg = Release|Win32
		{5E4AB06F-03E7-405E-817F-DDFBE0821FEE}.Release|x86.Build.0 = Release|Win32
		{AF0E4332-A34F-46DC-AB3D-CA69641163D2}.Debug|x64.ActiveCfg = Debug|x64
		{AF0E4332-A34F-46DC-AB3D-CA69641163D2}.Debug|x64.Build.0 = Debug|x64
		{AF0E4332-A34F-46DC-AB3D-CA69641163D2}.Debug|x86.ActiveCfg = Debug|Win32
		{AF0E4332-A34F-46DC-AB3D-CA69641163D2}.Debug|x86.Build.0 = Debug|Win32
		{AF0E4332-A34F-46DC-AB3D-CA69641163D2}.Release|x64.ActiveCfg = Release|x64
		{AF0E4332-A34F-46DC-AB3D-CA69641163D2}.Release|x64.Build.0 = Release|x64
		{AF0E4332-A34F-46DC-AB3D-CA69641163D2}.Release|x86.ActiveCfg = Release|Win32
		{AF0E4332-A34F-46DC-AB3D-CA69641163D2}.Release|x86.Build.0 = Release|Win32
		{519CFB79-57A9-4EBA-A902-D385A2124212}.Debug|x64.ActiveCfg = Debug|x64
		{519CFB79-57A9-4EBA-A902-D385A2124212}.Debug|x64.Build.0 = Debug|x64
		{519CFB79-57A9-4EBA-A902-D385A2124212}.Debug|x86.ActiveCfg = Debug|Win32
		{519CFB79-57A9-4EBA-A902-D385A2124212}.Debug|x86.Build.0 = Debug|Win32
		{519CFB79-57A9-4EBA-A902-D385A2124212}.Release|x64.ActiveCfg = Release|x64
		{519CFB79-57A9-4EBA-A902-D385A2124212}.Release|x64.Build.0 = Release|x64
		{519CFB79-57A9-4EBA-A902-D385A2124212}.Release|x86.ActiveCfg = Release|Win32
		{519CFB79-57A9-4EBA-A902-D385A2124212}.Release|x86.Build.0 = Release|Win32
		{32E7C7E5-DC20-41CD-8E35-DAE781CCE340}.Debug|x64.ActiveCfg = Debug|x64
		{32E7C7E5-DC20-41CD-8E35-DAE781CCE340}.Debug|x64.Build.0 = Debug|x64
		{32E7C7E5-DC20-41CD-8E35-DAE781CCE340}.Debug|x86.ActiveCfg = Debug|Win32
		{32E7C7E5-DC20-41CD-8E35-DAE781CCE340}.Debug|x86.Build.0 = Debug|Win32
		{32E7C7E5-DC20-41CD-8E35-DAE781CCE340}.Release|x64.ActiveCfg = Release|x64
		{32E7C7E5-DC20-41CD-8E35-DAE781CCE340}.Release|x64.Build.0 = Release|x64
		{32E7C7E5-DC20-41CD-8E35-DAE781CCE340}.Release|x86.ActiveCfg = Release|Win32
		{32E7C7E5-DC20-41CD-8E35-DAE781CCE340}.Release|x86.Build.0 = Release|Win32
		{AC6434B9-9674-4592-A6AB-593ED9E832C8}.Debug|x64.ActiveCfg = Debug|x64
		{AC6434B9-9674-4592-A6AB-593ED9E832C8}.Debug|x64.Build.0 = Debug|x64
		{AC6434B9-9674-4592-A6AB-593ED9E832C8}.Debug|x86.ActiveCfg = Debug|Win32
		{AC6434B9-9674-4592-A6AB-593ED9E832C8}.Debug|x86.Build.0 = Debug|Win32
		{AC6434B9-9674-4592-A6AB-593ED9E832C8}.Release|x64.ActiveCfg = Release|x64
		{AC6434B9-9674-4592-A6AB-593ED9E832C8}.Release|x64.Build.0 = Release|x64
		{AC6434B9-9674-4592-A6AB-593ED9E832C8}.Release|x86.ActiveCfg = Release|Win32
		{AC6434B9-9674-4592-A6AB-593ED9E832C8}.Release|x86.Build.0 = Release|Win32
		{607F5975-0939-40C8-B721-86E96B6B918A}.Debug|x64.ActiveCfg = Debug|x64
		{607F5975-0939-40C8-B721-86E96B6B918A}.Debug|x64.Build.0 = Debug|x64
		{607F5975-0939-40C8-B721-86E96B6B918A}.Debug|x86.ActiveCfg = Debug|Win32
		{607F5975-0939-40C8-B721-86E96B6B918A}.Debug|x86.Build.0 = Debug|Win32
		{607F5975-0939-40C8-B721-86E96B6B918A}.Release|x64.ActiveCfg = Release|x64
		{607F5975-0939-40C8-B721-86E96B6B918A}.Release|x64.Build.0 = Release|x64
		{607F5975-0939-40C8-B721-86E96B6B918A}.Release|x86.ActiveCfg = Release|Win32
		{607F5975-0939-40C8-B721-86E96B6B918A}.Release|x86.Build.0 = Release|Win32
		{2D31A94A-59FC-4342-A803-B712D8F2D18C}.Debug|x64.ActiveCfg = Debug|x64
		{2D31A94A-59FC-4342-A803-B712D8F2D18C}.Debug|x64.Build.0 = Debug|x64
		{2D31A94A-59FC-4342-A803-B712D8F2D18C}.Debug|x86.ActiveCfg = Debug|Win32
		{2D31A94A-59FC-4342-A803-B712D8F2D18C}.Debug|x86.Build.0 = Debug|Win32
		{2D31A94A-59FC-4342-A803-B712D8F2D18C}.Release|x64.ActiveCfg = Release|x64
		{2D31A94A-59FC-4342-A803-B712D8F2D18C}.Release|x64.Build.0 = Release|x64
		{2D31A94A-59FC-4342-A803-B712D8F2D18C}.Release|x86.ActiveCfg = Release|Win32
		{2D31A94A-59FC-4342-A803-B712D8F2D18C}.Release|x86.Build.0 = Release|Win32
		{4F24A250-3537-452E-9F11-B9D42D661F3C}.Debug|x64.ActiveCfg = Debug|x64
		{4F24A250-3537-452E-9F11-B9D42D661F3C}.Debug|x64.Build.0 = Debug|x64
		{4F24A250-3537-452E-9F11-B9D42D661F3C}.Debug|x86.ActiveCfg = Debug|Win32
		{4F24A250-3537-452E-9F11-B9D42D661F3C}.Debug|x86.Build.0 = Debug|Win32
		{4F24A250-3537-452E-9F11-B9D42D661F3C}.Release|x64.ActiveCfg = Release|x64
		{4F24A250-3537-452E-9F11-B9D42D661F3C}.Release|x64.Build.0 = Release|x64
		{4F24A250-3537-452E-9F11-B9D42D661F3C}.Release|x86.ActiveCfg = Release|Win32
		{4F24A250-3537-452E-9F11-B9D42D661F3C}.Release|x86.Build.0 = Release|Win32
		{D5BF9BB5-C255-4E97-B426-416D6EA8C4C2}.Debug|x64.ActiveCfg = Debug|x64
		{D5BF9BB5-C255-4E97-B426-416D6EA8C4C2}.Debug|x64.Build.0 = Debug|x64
		{D5BF9BB5-C255-4E97-B426-416D6EA8C4C2}.Debug|x86.ActiveCfg = Debug|Win32
		{D5BF9BB5-C255-4E97-B426-416D6EA8C4C2}.Debug|x86.Build.0 = Debug|Win32
		{D5BF9BB5-C255-4E97-B426-416D6EA8C4C2}.Release|x64.ActiveCfg = Release|x64
		{D5BF9BB5-C255-4E97-B426-416D6EA8C4C2}.Release|x64.Build.0 = Release|x64
		{D5BF9BB5-C255-4E97-B426-416D6EA8C4C2}.Release|x86.ActiveCfg = Release|Win32
		{D5BF9BB5-C255-4E97-B426-416D6EA8C4C2}.Release|x86.Build.0 = Release|Win32
	EndGlobalSection
	GlobalSection(SolutionProperties) = preSolution
		HideSolutionNode = FALSE
	EndGlobalSection
	GlobalSection(ExtensibilityGlobals) = postSolution
		SolutionGuid = {741549C5-FC82-46C8-B74D-3BF751FBCCC1}
	EndGlobalSection
EndGlobal
